
Microsoft Visual Studio Solution File, Format Version 12.00
# Visual Studio Version 17
VisualStudioVersion = 17.3.32804.467
MinimumVisualStudioVersion = 10.0.40219.1
Project("{9A19103F-16F7-4668-BE54-9A1E7A4F7556}") = "GeekBrainsCardStorageService", "GeekBrainsCardStorageService\GeekBrainsCardStorageService.csproj", "{3387E8EA-6C77-4C5B-8F5D-BC823F6E860F}"
EndProject
Project("{9A19103F-16F7-4668-BE54-9A1E7A4F7556}") = "GeekBrainsCardStorageService.Repository", "GeekBrainsCardStorageService.Repository\GeekBrainsCardStorageService.Repository.csproj", "{0EF93552-5981-4908-8751-9F57F8ABE266}"
EndProject
Project("{FAE04EC0-301F-11D3-BF4B-00C04F79EFBC}") = "GeekBrainsCardStorageService.RepositoryDb", "GeekBrainsCardStorageService.RepositoryDb\GeekBrainsCardStorageService.RepositoryDb.csproj", "{83247475-C161-4263-8F2A-59BC20DD6E1E}"
EndProject
Global
	GlobalSection(SolutionConfigurationPlatforms) = preSolution
		Debug|Any CPU = Debug|Any CPU
		Release|Any CPU = Release|Any CPU
	EndGlobalSection
	GlobalSection(ProjectConfigurationPlatforms) = postSolution
		{3387E8EA-6C77-4C5B-8F5D-BC823F6E860F}.Debug|Any CPU.ActiveCfg = Debug|Any CPU
		{3387E8EA-6C77-4C5B-8F5D-BC823F6E860F}.Debug|Any CPU.Build.0 = Debug|Any CPU
		{3387E8EA-6C77-4C5B-8F5D-BC823F6E860F}.Release|Any CPU.ActiveCfg = Release|Any CPU
		{3387E8EA-6C77-4C5B-8F5D-BC823F6E860F}.Release|Any CPU.Build.0 = Release|Any CPU
		{0EF93552-5981-4908-8751-9F57F8ABE266}.Debug|Any CPU.ActiveCfg = Debug|Any CPU
		{0EF93552-5981-4908-8751-9F57F8ABE266}.Debug|Any CPU.Build.0 = Debug|Any CPU
		{0EF93552-5981-4908-8751-9F57F8ABE266}.Release|Any CPU.ActiveCfg = Release|Any CPU
		{0EF93552-5981-4908-8751-9F57F8ABE266}.Release|Any CPU.Build.0 = Release|Any CPU
		{83247475-C161-4263-8F2A-59BC20DD6E1E}.Debug|Any CPU.ActiveCfg = Debug|Any CPU
		{83247475-C161-4263-8F2A-59BC20DD6E1E}.Debug|Any CPU.Build.0 = Debug|Any CPU
		{83247475-C161-4263-8F2A-59BC20DD6E1E}.Release|Any CPU.ActiveCfg = Release|Any CPU
		{83247475-C161-4263-8F2A-59BC20DD6E1E}.Release|Any CPU.Build.0 = Release|Any CPU
	EndGlobalSection
	GlobalSection(SolutionProperties) = preSolution
		HideSolutionNode = FALSE
	EndGlobalSection
	GlobalSection(ExtensibilityGlobals) = postSolution
		SolutionGuid = {97B7E019-1646-46E6-A853-A8EFF8FBAEB6}
	EndGlobalSection
EndGlobal
